
Microsoft Visual Studio Solution File, Format Version 12.00
# Visual Studio Version 17
VisualStudioVersion = 17.14.36310.24 d17.14
MinimumVisualStudioVersion = 10.0.40219.1
Project("{FAE04EC0-301F-11D3-BF4B-00C04F79EFBC}") = "ExcelToPdf", "ExcelToPdf.csproj", "{EF9EA7E2-2D58-440A-9931-B2F63732026B}"
EndProject
Global
	GlobalSection(SolutionConfigurationPlatforms) = preSolution
		Debug|Any CPU = Debug|Any CPU
		Release|Any CPU = Release|Any CPU
	EndGlobalSection
	GlobalSection(ProjectConfigurationPlatforms) = postSolution
		{EF9EA7E2-2D58-440A-9931-B2F63732026B}.Debug|Any CPU.ActiveCfg = Debug|Any CPU
		{EF9EA7E2-2D58-440A-9931-B2F63732026B}.Debug|Any CPU.Build.0 = Debug|Any CPU
		{EF9EA7E2-2D58-440A-9931-B2F63732026B}.Release|Any CPU.ActiveCfg = Release|Any CPU
		{EF9EA7E2-2D58-440A-9931-B2F63732026B}.Release|Any CPU.Build.0 = Release|Any CPU
	EndGlobalSection
	GlobalSection(SolutionProperties) = preSolution
		HideSolutionNode = FALSE
	EndGlobalSection
	GlobalSection(ExtensibilityGlobals) = postSolution
		SolutionGuid = {D819F5F5-5E8F-4C23-BAF5-B30F173CCFB2}
	EndGlobalSection
EndGlobal
